
Microsoft Visual Studio Solution File, Format Version 12.00
# Visual Studio Version 17
VisualStudioVersion = 17.11.35312.102
MinimumVisualStudioVersion = 10.0.40219.1
Project("{2150E333-8FDC-42A3-9474-1A3956D46DE8}") = "02 - Application", "02 - Application", "{C717E3FA-B567-43C9-8E22-FD51F76FFBDA}"
EndProject
Project("{2150E333-8FDC-42A3-9474-1A3956D46DE8}") = "03 - Domain", "03 - Domain", "{4E74C0CF-824A-4CBF-AED9-C51A7B0883BD}"
EndProject
Project("{2150E333-8FDC-42A3-9474-1A3956D46DE8}") = "04 - Infra", "04 - Infra", "{7F2B4D24-7011-4DAB-85E6-7469CD055925}"
EndProject
Project("{2150E333-8FDC-42A3-9474-1A3956D46DE8}") = "05 - Test", "05 - Test", "{448ED0BD-3954-4C89-BC83-E8F98A410C98}"
EndProject
Project("{E53339B2-1760-4266-BCC7-CA923CBCF16C}") = "docker-compose", "docker-compose.dcproj", "{F83BE127-7A9B-478C-9AA9-A00BE612C764}"
EndProject
Project("{2150E333-8FDC-42A3-9474-1A3956D46DE8}") = "01 - Consumer", "01 - Consumer", "{8518D0A8-2255-43A2-9D91-4BFE315E9A61}"
EndProject
Project("{FAE04EC0-301F-11D3-BF4B-00C04F79EFBC}") = "Fase04.Consumer", "Fase04.Consumer\Fase04.Consumer.csproj", "{79E6AC27-8266-4C80-A673-240B1EF37583}"
EndProject
Project("{FAE04EC0-301F-11D3-BF4B-00C04F79EFBC}") = "Fase04.Application", "Fase04.Application\Fase04.Application.csproj", "{A5A74639-30DD-447C-9EC6-AAD57E23783F}"
EndProject
Project("{FAE04EC0-301F-11D3-BF4B-00C04F79EFBC}") = "Fase04.Domain", "Fase04.Domain\Fase04.Domain.csproj", "{049AB04F-83A3-4060-8CC7-6B8BDB6DEA41}"
EndProject
Project("{FAE04EC0-301F-11D3-BF4B-00C04F79EFBC}") = "Fase04.Infra.Data", "Fase04.Infra.Data\Fase04.Infra.Data.csproj", "{BD13143A-E51F-47A3-AFBF-43500AFC5FF8}"
EndProject
Project("{FAE04EC0-301F-11D3-BF4B-00C04F79EFBC}") = "Fase04.Domain.Core", "Fase04.Domain.Core\Fase04.Domain.Core.csproj", "{214298BC-7D80-447B-9C09-5294B0A3F461}"
EndProject
Project("{FAE04EC0-301F-11D3-BF4B-00C04F79EFBC}") = "Fase04.Infra.IoC", "Fase04.Infra.IoC\Fase04.Infra.IoC.csproj", "{5243E4AE-2266-43BD-95F3-F56348145052}"
EndProject
Project("{FAE04EC0-301F-11D3-BF4B-00C04F79EFBC}") = "Fase04.IntegrationTests", "Fase04.IntegrationTests\Fase04.IntegrationTests.csproj", "{78EEF3C6-7C8A-43A0-8ACE-207B737837D3}"
EndProject
Project("{FAE04EC0-301F-11D3-BF4B-00C04F79EFBC}") = "Fase04.Tests", "Fase04.Tests\Fase04.Tests.csproj", "{F666DF5A-6661-4E1C-96F8-17CB5BC20DA0}"
EndProject
Project("{FAE04EC0-301F-11D3-BF4B-00C04F79EFBC}") = "Fase04.Infra.Messages", "Fase04.Infra.Messages\Fase04.Infra.Messages.csproj", "{114479E7-03BB-4120-8BB3-C8B92ACE84BA}"
EndProject
Global
	GlobalSection(SolutionConfigurationPlatforms) = preSolution
		Debug|Any CPU = Debug|Any CPU
		Release|Any CPU = Release|Any CPU
	EndGlobalSection
	GlobalSection(ProjectConfigurationPlatforms) = postSolution
		{F83BE127-7A9B-478C-9AA9-A00BE612C764}.Debug|Any CPU.ActiveCfg = Debug|Any CPU
		{F83BE127-7A9B-478C-9AA9-A00BE612C764}.Debug|Any CPU.Build.0 = Debug|Any CPU
		{F83BE127-7A9B-478C-9AA9-A00BE612C764}.Release|Any CPU.ActiveCfg = Release|Any CPU
		{F83BE127-7A9B-478C-9AA9-A00BE612C764}.Release|Any CPU.Build.0 = Release|Any CPU
		{79E6AC27-8266-4C80-A673-240B1EF37583}.Debug|Any CPU.ActiveCfg = Debug|Any CPU
		{79E6AC27-8266-4C80-A673-240B1EF37583}.Debug|Any CPU.Build.0 = Debug|Any CPU
		{79E6AC27-8266-4C80-A673-240B1EF37583}.Release|Any CPU.ActiveCfg = Release|Any CPU
		{79E6AC27-8266-4C80-A673-240B1EF37583}.Release|Any CPU.Build.0 = Release|Any CPU
		{A5A74639-30DD-447C-9EC6-AAD57E23783F}.Debug|Any CPU.ActiveCfg = Debug|Any CPU
		{A5A74639-30DD-447C-9EC6-AAD57E23783F}.Debug|Any CPU.Build.0 = Debug|Any CPU
		{A5A74639-30DD-447C-9EC6-AAD57E23783F}.Release|Any CPU.ActiveCfg = Release|Any CPU
		{A5A74639-30DD-447C-9EC6-AAD57E23783F}.Release|Any CPU.Build.0 = Release|Any CPU
		{049AB04F-83A3-4060-8CC7-6B8BDB6DEA41}.Debug|Any CPU.ActiveCfg = Debug|Any CPU
		{049AB04F-83A3-4060-8CC7-6B8BDB6DEA41}.Debug|Any CPU.Build.0 = Debug|Any CPU
		{049AB04F-83A3-4060-8CC7-6B8BDB6DEA41}.Release|Any CPU.ActiveCfg = Release|Any CPU
		{049AB04F-83A3-4060-8CC7-6B8BDB6DEA41}.Release|Any CPU.Build.0 = Release|Any CPU
		{BD13143A-E51F-47A3-AFBF-43500AFC5FF8}.Debug|Any CPU.ActiveCfg = Debug|Any CPU
		{BD13143A-E51F-47A3-AFBF-43500AFC5FF8}.Debug|Any CPU.Build.0 = Debug|Any CPU
		{BD13143A-E51F-47A3-AFBF-43500AFC5FF8}.Release|Any CPU.ActiveCfg = Release|Any CPU
		{BD13143A-E51F-47A3-AFBF-43500AFC5FF8}.Release|Any CPU.Build.0 = Release|Any CPU
		{214298BC-7D80-447B-9C09-5294B0A3F461}.Debug|Any CPU.ActiveCfg = Debug|Any CPU
		{214298BC-7D80-447B-9C09-5294B0A3F461}.Debug|Any CPU.Build.0 = Debug|Any CPU
		{214298BC-7D80-447B-9C09-5294B0A3F461}.Release|Any CPU.ActiveCfg = Release|Any CPU
		{214298BC-7D80-447B-9C09-5294B0A3F461}.Release|Any CPU.Build.0 = Release|Any CPU
		{5243E4AE-2266-43BD-95F3-F56348145052}.Debug|Any CPU.ActiveCfg = Debug|Any CPU
		{5243E4AE-2266-43BD-95F3-F56348145052}.Debug|Any CPU.Build.0 = Debug|Any CPU
		{5243E4AE-2266-43BD-95F3-F56348145052}.Release|Any CPU.ActiveCfg = Release|Any CPU
		{5243E4AE-2266-43BD-95F3-F56348145052}.Release|Any CPU.Build.0 = Release|Any CPU
		{78EEF3C6-7C8A-43A0-8ACE-207B737837D3}.Debug|Any CPU.ActiveCfg = Debug|Any CPU
		{78EEF3C6-7C8A-43A0-8ACE-207B737837D3}.Debug|Any CPU.Build.0 = Debug|Any CPU
		{78EEF3C6-7C8A-43A0-8ACE-207B737837D3}.Release|Any CPU.ActiveCfg = Release|Any CPU
		{78EEF3C6-7C8A-43A0-8ACE-207B737837D3}.Release|Any CPU.Build.0 = Release|Any CPU
		{F666DF5A-6661-4E1C-96F8-17CB5BC20DA0}.Debug|Any CPU.ActiveCfg = Debug|Any CPU
		{F666DF5A-6661-4E1C-96F8-17CB5BC20DA0}.Debug|Any CPU.Build.0 = Debug|Any CPU
		{F666DF5A-6661-4E1C-96F8-17CB5BC20DA0}.Release|Any CPU.ActiveCfg = Release|Any CPU
		{F666DF5A-6661-4E1C-96F8-17CB5BC20DA0}.Release|Any CPU.Build.0 = Release|Any CPU
		{114479E7-03BB-4120-8BB3-C8B92ACE84BA}.Debug|Any CPU.ActiveCfg = Debug|Any CPU
		{114479E7-03BB-4120-8BB3-C8B92ACE84BA}.Debug|Any CPU.Build.0 = Debug|Any CPU
		{114479E7-03BB-4120-8BB3-C8B92ACE84BA}.Release|Any CPU.ActiveCfg = Release|Any CPU
		{114479E7-03BB-4120-8BB3-C8B92ACE84BA}.Release|Any CPU.Build.0 = Release|Any CPU
	EndGlobalSection
	GlobalSection(SolutionProperties) = preSolution
		HideSolutionNode = FALSE
	EndGlobalSection
	GlobalSection(NestedProjects) = preSolution
		{79E6AC27-8266-4C80-A673-240B1EF37583} = {8518D0A8-2255-43A2-9D91-4BFE315E9A61}
		{A5A74639-30DD-447C-9EC6-AAD57E23783F} = {C717E3FA-B567-43C9-8E22-FD51F76FFBDA}
		{049AB04F-83A3-4060-8CC7-6B8BDB6DEA41} = {4E74C0CF-824A-4CBF-AED9-C51A7B0883BD}
		{BD13143A-E51F-47A3-AFBF-43500AFC5FF8} = {7F2B4D24-7011-4DAB-85E6-7469CD055925}
		{214298BC-7D80-447B-9C09-5294B0A3F461} = {4E74C0CF-824A-4CBF-AED9-C51A7B0883BD}
		{5243E4AE-2266-43BD-95F3-F56348145052} = {7F2B4D24-7011-4DAB-85E6-7469CD055925}
		{78EEF3C6-7C8A-43A0-8ACE-207B737837D3} = {448ED0BD-3954-4C89-BC83-E8F98A410C98}
		{F666DF5A-6661-4E1C-96F8-17CB5BC20DA0} = {448ED0BD-3954-4C89-BC83-E8F98A410C98}
		{114479E7-03BB-4120-8BB3-C8B92ACE84BA} = {7F2B4D24-7011-4DAB-85E6-7469CD055925}
	EndGlobalSection
	GlobalSection(ExtensibilityGlobals) = postSolution
		SolutionGuid = {1D0A38F3-6D95-45DB-A47A-561154719CB7}
	EndGlobalSection
EndGlobal
